// !$*UTF8*$!
{
	archiveVersion = 1;
	classes = {
	};
	objectVersion = 56;
	objects = {

/* Begin PBXBuildFile section */
		9E09279A29966A7E0006CA38 /* Alert.swift in Sources */ = {isa = PBXBuildFile; fileRef = 9E09279929966A7E0006CA38 /* Alert.swift */; };
		9E27132B296FFFAF00067263 /* AppDelegate.swift in Sources */ = {isa = PBXBuildFile; fileRef = 9E27132A296FFFAF00067263 /* AppDelegate.swift */; };
		9E27132D296FFFAF00067263 /* SceneDelegate.swift in Sources */ = {isa = PBXBuildFile; fileRef = 9E27132C296FFFAF00067263 /* SceneDelegate.swift */; };
		9E271335296FFFAF00067263 /* CodeRevisor.xcdatamodeld in Sources */ = {isa = PBXBuildFile; fileRef = 9E271333296FFFAF00067263 /* CodeRevisor.xcdatamodeld */; };
		9E271337296FFFB100067263 /* Assets.xcassets in Resources */ = {isa = PBXBuildFile; fileRef = 9E271336296FFFB100067263 /* Assets.xcassets */; };
		9E27133A296FFFB100067263 /* LaunchScreen.storyboard in Resources */ = {isa = PBXBuildFile; fileRef = 9E271338296FFFB100067263 /* LaunchScreen.storyboard */; };
		9E9B3D6B29A478A100DFD45C /* TTGSnackBar.swift in Sources */ = {isa = PBXBuildFile; fileRef = 9E09279629966A120006CA38 /* TTGSnackBar.swift */; };
		9E9B3D9229A5C56D00DFD45C /* CodeRevisorTests.swift in Sources */ = {isa = PBXBuildFile; fileRef = 9E9B3D9129A5C56D00DFD45C /* CodeRevisorTests.swift */; };
		9EC0A81F29701554000DE4DC /* HomeVC.swift in Sources */ = {isa = PBXBuildFile; fileRef = 9EC0A81E29701554000DE4DC /* HomeVC.swift */; };
		9EC0A824297028CA000DE4DC /* LayoutAnchor.swift in Sources */ = {isa = PBXBuildFile; fileRef = 9EC0A823297028CA000DE4DC /* LayoutAnchor.swift */; };
		9EC0A82B2971567D000DE4DC /* ThemeStyle.swift in Sources */ = {isa = PBXBuildFile; fileRef = 9EC0A8262971567D000DE4DC /* ThemeStyle.swift */; };
		9EC0A82C2971567D000DE4DC /* UILabel+FormatStyle.swift in Sources */ = {isa = PBXBuildFile; fileRef = 9EC0A8272971567D000DE4DC /* UILabel+FormatStyle.swift */; };
		9EC0A82D2971567D000DE4DC /* Nsobject+FormatStyle.swift in Sources */ = {isa = PBXBuildFile; fileRef = 9EC0A8282971567D000DE4DC /* Nsobject+FormatStyle.swift */; };
		9EC0A82E2971567D000DE4DC /* FormatStyle.swift in Sources */ = {isa = PBXBuildFile; fileRef = 9EC0A8292971567D000DE4DC /* FormatStyle.swift */; };
		9EC0A82F2971567D000DE4DC /* UIView+FormatStyle.swift in Sources */ = {isa = PBXBuildFile; fileRef = 9EC0A82A2971567D000DE4DC /* UIView+FormatStyle.swift */; };
		9EC0A832297157B2000DE4DC /* UIFont+Extension.swift in Sources */ = {isa = PBXBuildFile; fileRef = 9EC0A831297157B2000DE4DC /* UIFont+Extension.swift */; };
		9EC0A83529766663000DE4DC /* ScreenSize.swift in Sources */ = {isa = PBXBuildFile; fileRef = 9EC0A83429766663000DE4DC /* ScreenSize.swift */; };
		9EC0A83729782AE2000DE4DC /* UIApplication+Extension.swift in Sources */ = {isa = PBXBuildFile; fileRef = 9EC0A83629782AE2000DE4DC /* UIApplication+Extension.swift */; };
		9EC0A83929792185000DE4DC /* UINavigationController+Extension.swift in Sources */ = {isa = PBXBuildFile; fileRef = 9EC0A83829792185000DE4DC /* UINavigationController+Extension.swift */; };
		9EC0A83C2979330B000DE4DC /* SettingVC.swift in Sources */ = {isa = PBXBuildFile; fileRef = 9EC0A83B2979330B000DE4DC /* SettingVC.swift */; };
		9EC0A83E29796FED000DE4DC /* UIColor+Extension.swift in Sources */ = {isa = PBXBuildFile; fileRef = 9EC0A83D29796FED000DE4DC /* UIColor+Extension.swift */; };
		9ED3F389297A58DB0043968D /* QuestionsCell.swift in Sources */ = {isa = PBXBuildFile; fileRef = 9ED3F388297A58DB0043968D /* QuestionsCell.swift */; };
		9ED3F38D297A65480043968D /* QuestionVC.swift in Sources */ = {isa = PBXBuildFile; fileRef = 9ED3F38C297A65480043968D /* QuestionVC.swift */; };
		9ED3F390297ACE640043968D /* CategoryCell.swift in Sources */ = {isa = PBXBuildFile; fileRef = 9ED3F38F297ACE640043968D /* CategoryCell.swift */; };
		9EE648C1298668F500707B41 /* CategoryHeaderCell.swift in Sources */ = {isa = PBXBuildFile; fileRef = 9EE648C0298668F500707B41 /* CategoryHeaderCell.swift */; };
		9EED1B782986B4CD00AC754E /* Constants.swift in Sources */ = {isa = PBXBuildFile; fileRef = 9EED1B772986B4CD00AC754E /* Constants.swift */; };
		9EED1B7B2986BD3800AC754E /* GeneralPopupVC.swift in Sources */ = {isa = PBXBuildFile; fileRef = 9EED1B7A2986BD3800AC754E /* GeneralPopupVC.swift */; };
		9EED1B7D2986C63500AC754E /* UIView+Extension.swift in Sources */ = {isa = PBXBuildFile; fileRef = 9EED1B7C2986C63500AC754E /* UIView+Extension.swift */; };
		9EED1B7F2987BEDC00AC754E /* PersistantStorage.swift in Sources */ = {isa = PBXBuildFile; fileRef = 9EED1B7E2987BEDC00AC754E /* PersistantStorage.swift */; };
		9EED1B9E2987F89500AC754E /* NewCategoryPopupVC.swift in Sources */ = {isa = PBXBuildFile; fileRef = 9EED1B9D2987F89500AC754E /* NewCategoryPopupVC.swift */; };
		9EED1BA02988221A00AC754E /* UILabel+Class.swift in Sources */ = {isa = PBXBuildFile; fileRef = 9EED1B9F2988221A00AC754E /* UILabel+Class.swift */; };
		9EED1BA2298824F300AC754E /* UIButton+Class.swift in Sources */ = {isa = PBXBuildFile; fileRef = 9EED1BA1298824F300AC754E /* UIButton+Class.swift */; };
		9EED1BA42988F71B00AC754E /* UIButton+Extension.swift in Sources */ = {isa = PBXBuildFile; fileRef = 9EED1BA32988F71B00AC754E /* UIButton+Extension.swift */; };
		9EED1BA62988FA8D00AC754E /* UITextField+Class.swift in Sources */ = {isa = PBXBuildFile; fileRef = 9EED1BA52988FA8D00AC754E /* UITextField+Class.swift */; };
		9EED1BA82988FFA700AC754E /* UITextField+Extension.swift in Sources */ = {isa = PBXBuildFile; fileRef = 9EED1BA72988FFA700AC754E /* UITextField+Extension.swift */; };
		9EED1BAA298A896300AC754E /* String+Extension.swift in Sources */ = {isa = PBXBuildFile; fileRef = 9EED1BA9298A896300AC754E /* String+Extension.swift */; };
		9EED1BAC298A919900AC754E /* CategoryRepository.swift in Sources */ = {isa = PBXBuildFile; fileRef = 9EED1BAB298A919900AC754E /* CategoryRepository.swift */; };
		9EED1BAF298D160700AC754E /* CDCategory+CoreDataClass.swift in Sources */ = {isa = PBXBuildFile; fileRef = 9EED1BAD298D160700AC754E /* CDCategory+CoreDataClass.swift */; };
		9EED1BB0298D160700AC754E /* CDCategory+CoreDataProperties.swift in Sources */ = {isa = PBXBuildFile; fileRef = 9EED1BAE298D160700AC754E /* CDCategory+CoreDataProperties.swift */; };
		9EED1BB3298D1C0D00AC754E /* NewCategoryViewModel.swift in Sources */ = {isa = PBXBuildFile; fileRef = 9EED1BB2298D1C0D00AC754E /* NewCategoryViewModel.swift */; };
		9EED1BB5298D1C6600AC754E /* Bindable.swift in Sources */ = {isa = PBXBuildFile; fileRef = 9EED1BB4298D1C6600AC754E /* Bindable.swift */; };
		9EED1BBD298D1D2900AC754E /* FileError.swift in Sources */ = {isa = PBXBuildFile; fileRef = 9EED1BB7298D1D2900AC754E /* FileError.swift */; };
		9EED1BBE298D1D2900AC754E /* AppError.swift in Sources */ = {isa = PBXBuildFile; fileRef = 9EED1BB8298D1D2900AC754E /* AppError.swift */; };
		9EED1BBF298D1D2900AC754E /* DataSourceError.swift in Sources */ = {isa = PBXBuildFile; fileRef = 9EED1BB9298D1D2900AC754E /* DataSourceError.swift */; };
		9EED1BC0298D1D2900AC754E /* ValidationError.swift in Sources */ = {isa = PBXBuildFile; fileRef = 9EED1BBA298D1D2900AC754E /* ValidationError.swift */; };
		9EED1BC1298D1D2900AC754E /* NetworkError.swift in Sources */ = {isa = PBXBuildFile; fileRef = 9EED1BBB298D1D2900AC754E /* NetworkError.swift */; };
		9EED1BC4298D281200AC754E /* CategoryManager.swift in Sources */ = {isa = PBXBuildFile; fileRef = 9EED1BC3298D281200AC754E /* CategoryManager.swift */; };
		9EED1BC7298D2BD100AC754E /* HomeViewModel.swift in Sources */ = {isa = PBXBuildFile; fileRef = 9EED1BC6298D2BD100AC754E /* HomeViewModel.swift */; };
/* End PBXBuildFile section */

/* Begin PBXContainerItemProxy section */
		9E9B3D9329A5C56D00DFD45C /* PBXContainerItemProxy */ = {
			isa = PBXContainerItemProxy;
			containerPortal = 9E27131F296FFFAF00067263 /* Project object */;
			proxyType = 1;
			remoteGlobalIDString = 9E271326296FFFAF00067263;
			remoteInfo = CodeRevisor;
		};
/* End PBXContainerItemProxy section */

/* Begin PBXFileReference section */
		9E09279629966A120006CA38 /* TTGSnackBar.swift */ = {isa = PBXFileReference; fileEncoding = 4; lastKnownFileType = sourcecode.swift; path = TTGSnackBar.swift; sourceTree = "<group>"; };
		9E09279929966A7E0006CA38 /* Alert.swift */ = {isa = PBXFileReference; fileEncoding = 4; lastKnownFileType = sourcecode.swift; path = Alert.swift; sourceTree = "<group>"; };
		9E271327296FFFAF00067263 /* CodeRevisor.app */ = {isa = PBXFileReference; explicitFileType = wrapper.application; includeInIndex = 0; path = CodeRevisor.app; sourceTree = BUILT_PRODUCTS_DIR; };
		9E27132A296FFFAF00067263 /* AppDelegate.swift */ = {isa = PBXFileReference; lastKnownFileType = sourcecode.swift; path = AppDelegate.swift; sourceTree = "<group>"; };
		9E27132C296FFFAF00067263 /* SceneDelegate.swift */ = {isa = PBXFileReference; lastKnownFileType = sourcecode.swift; path = SceneDelegate.swift; sourceTree = "<group>"; };
		9E271334296FFFAF00067263 /* CodeRevisor.xcdatamodel */ = {isa = PBXFileReference; lastKnownFileType = wrapper.xcdatamodel; path = CodeRevisor.xcdatamodel; sourceTree = "<group>"; };
		9E271336296FFFB100067263 /* Assets.xcassets */ = {isa = PBXFileReference; lastKnownFileType = folder.assetcatalog; path = Assets.xcassets; sourceTree = "<group>"; };
		9E271339296FFFB100067263 /* Base */ = {isa = PBXFileReference; lastKnownFileType = file.storyboard; name = Base; path = Base.lproj/LaunchScreen.storyboard; sourceTree = "<group>"; };
		9E27133B296FFFB100067263 /* Info.plist */ = {isa = PBXFileReference; lastKnownFileType = text.plist.xml; path = Info.plist; sourceTree = "<group>"; };
		9E9B3D8F29A5C56D00DFD45C /* CodeRevisorTests.xctest */ = {isa = PBXFileReference; explicitFileType = wrapper.cfbundle; includeInIndex = 0; path = CodeRevisorTests.xctest; sourceTree = BUILT_PRODUCTS_DIR; };
		9E9B3D9129A5C56D00DFD45C /* CodeRevisorTests.swift */ = {isa = PBXFileReference; lastKnownFileType = sourcecode.swift; path = CodeRevisorTests.swift; sourceTree = "<group>"; };
		9EC0A81E29701554000DE4DC /* HomeVC.swift */ = {isa = PBXFileReference; lastKnownFileType = sourcecode.swift; path = HomeVC.swift; sourceTree = "<group>"; };
		9EC0A823297028CA000DE4DC /* LayoutAnchor.swift */ = {isa = PBXFileReference; lastKnownFileType = sourcecode.swift; path = LayoutAnchor.swift; sourceTree = "<group>"; };
		9EC0A8262971567D000DE4DC /* ThemeStyle.swift */ = {isa = PBXFileReference; fileEncoding = 4; lastKnownFileType = sourcecode.swift; path = ThemeStyle.swift; sourceTree = "<group>"; };
		9EC0A8272971567D000DE4DC /* UILabel+FormatStyle.swift */ = {isa = PBXFileReference; fileEncoding = 4; lastKnownFileType = sourcecode.swift; path = "UILabel+FormatStyle.swift"; sourceTree = "<group>"; };
		9EC0A8282971567D000DE4DC /* Nsobject+FormatStyle.swift */ = {isa = PBXFileReference; fileEncoding = 4; lastKnownFileType = sourcecode.swift; path = "Nsobject+FormatStyle.swift"; sourceTree = "<group>"; };
		9EC0A8292971567D000DE4DC /* FormatStyle.swift */ = {isa = PBXFileReference; fileEncoding = 4; lastKnownFileType = sourcecode.swift; path = FormatStyle.swift; sourceTree = "<group>"; };
		9EC0A82A2971567D000DE4DC /* UIView+FormatStyle.swift */ = {isa = PBXFileReference; fileEncoding = 4; lastKnownFileType = sourcecode.swift; path = "UIView+FormatStyle.swift"; sourceTree = "<group>"; };
		9EC0A831297157B2000DE4DC /* UIFont+Extension.swift */ = {isa = PBXFileReference; fileEncoding = 4; lastKnownFileType = sourcecode.swift; path = "UIFont+Extension.swift"; sourceTree = "<group>"; };
		9EC0A83429766663000DE4DC /* ScreenSize.swift */ = {isa = PBXFileReference; fileEncoding = 4; lastKnownFileType = sourcecode.swift; path = ScreenSize.swift; sourceTree = "<group>"; };
		9EC0A83629782AE2000DE4DC /* UIApplication+Extension.swift */ = {isa = PBXFileReference; fileEncoding = 4; lastKnownFileType = sourcecode.swift; path = "UIApplication+Extension.swift"; sourceTree = "<group>"; };
		9EC0A83829792185000DE4DC /* UINavigationController+Extension.swift */ = {isa = PBXFileReference; fileEncoding = 4; lastKnownFileType = sourcecode.swift; path = "UINavigationController+Extension.swift"; sourceTree = "<group>"; };
		9EC0A83B2979330B000DE4DC /* SettingVC.swift */ = {isa = PBXFileReference; lastKnownFileType = sourcecode.swift; path = SettingVC.swift; sourceTree = "<group>"; };
		9EC0A83D29796FED000DE4DC /* UIColor+Extension.swift */ = {isa = PBXFileReference; lastKnownFileType = sourcecode.swift; path = "UIColor+Extension.swift"; sourceTree = "<group>"; };
		9ED3F388297A58DB0043968D /* QuestionsCell.swift */ = {isa = PBXFileReference; lastKnownFileType = sourcecode.swift; path = QuestionsCell.swift; sourceTree = "<group>"; };
		9ED3F38C297A65480043968D /* QuestionVC.swift */ = {isa = PBXFileReference; lastKnownFileType = sourcecode.swift; path = QuestionVC.swift; sourceTree = "<group>"; };
		9ED3F38F297ACE640043968D /* CategoryCell.swift */ = {isa = PBXFileReference; lastKnownFileType = sourcecode.swift; path = CategoryCell.swift; sourceTree = "<group>"; };
		9EE648C0298668F500707B41 /* CategoryHeaderCell.swift */ = {isa = PBXFileReference; lastKnownFileType = sourcecode.swift; path = CategoryHeaderCell.swift; sourceTree = "<group>"; };
		9EED1B772986B4CD00AC754E /* Constants.swift */ = {isa = PBXFileReference; lastKnownFileType = sourcecode.swift; path = Constants.swift; sourceTree = "<group>"; };
		9EED1B7A2986BD3800AC754E /* GeneralPopupVC.swift */ = {isa = PBXFileReference; lastKnownFileType = sourcecode.swift; path = GeneralPopupVC.swift; sourceTree = "<group>"; };
		9EED1B7C2986C63500AC754E /* UIView+Extension.swift */ = {isa = PBXFileReference; lastKnownFileType = sourcecode.swift; path = "UIView+Extension.swift"; sourceTree = "<group>"; };
		9EED1B7E2987BEDC00AC754E /* PersistantStorage.swift */ = {isa = PBXFileReference; lastKnownFileType = sourcecode.swift; path = PersistantStorage.swift; sourceTree = "<group>"; };
		9EED1B9D2987F89500AC754E /* NewCategoryPopupVC.swift */ = {isa = PBXFileReference; lastKnownFileType = sourcecode.swift; path = NewCategoryPopupVC.swift; sourceTree = "<group>"; };
		9EED1B9F2988221A00AC754E /* UILabel+Class.swift */ = {isa = PBXFileReference; fileEncoding = 4; lastKnownFileType = sourcecode.swift; path = "UILabel+Class.swift"; sourceTree = "<group>"; };
		9EED1BA1298824F300AC754E /* UIButton+Class.swift */ = {isa = PBXFileReference; fileEncoding = 4; lastKnownFileType = sourcecode.swift; path = "UIButton+Class.swift"; sourceTree = "<group>"; };
		9EED1BA32988F71B00AC754E /* UIButton+Extension.swift */ = {isa = PBXFileReference; lastKnownFileType = sourcecode.swift; path = "UIButton+Extension.swift"; sourceTree = "<group>"; };
		9EED1BA52988FA8D00AC754E /* UITextField+Class.swift */ = {isa = PBXFileReference; fileEncoding = 4; lastKnownFileType = sourcecode.swift; path = "UITextField+Class.swift"; sourceTree = "<group>"; };
		9EED1BA72988FFA700AC754E /* UITextField+Extension.swift */ = {isa = PBXFileReference; fileEncoding = 4; lastKnownFileType = sourcecode.swift; path = "UITextField+Extension.swift"; sourceTree = "<group>"; };
		9EED1BA9298A896300AC754E /* String+Extension.swift */ = {isa = PBXFileReference; fileEncoding = 4; lastKnownFileType = sourcecode.swift; path = "String+Extension.swift"; sourceTree = "<group>"; };
		9EED1BAB298A919900AC754E /* CategoryRepository.swift */ = {isa = PBXFileReference; lastKnownFileType = sourcecode.swift; path = CategoryRepository.swift; sourceTree = "<group>"; };
		9EED1BAD298D160700AC754E /* CDCategory+CoreDataClass.swift */ = {isa = PBXFileReference; lastKnownFileType = sourcecode.swift; path = "CDCategory+CoreDataClass.swift"; sourceTree = "<group>"; };
		9EED1BAE298D160700AC754E /* CDCategory+CoreDataProperties.swift */ = {isa = PBXFileReference; lastKnownFileType = sourcecode.swift; path = "CDCategory+CoreDataProperties.swift"; sourceTree = "<group>"; };
		9EED1BB2298D1C0D00AC754E /* NewCategoryViewModel.swift */ = {isa = PBXFileReference; lastKnownFileType = sourcecode.swift; path = NewCategoryViewModel.swift; sourceTree = "<group>"; };
		9EED1BB4298D1C6600AC754E /* Bindable.swift */ = {isa = PBXFileReference; fileEncoding = 4; lastKnownFileType = sourcecode.swift; path = Bindable.swift; sourceTree = "<group>"; };
		9EED1BB7298D1D2900AC754E /* FileError.swift */ = {isa = PBXFileReference; fileEncoding = 4; lastKnownFileType = sourcecode.swift; path = FileError.swift; sourceTree = "<group>"; };
		9EED1BB8298D1D2900AC754E /* AppError.swift */ = {isa = PBXFileReference; fileEncoding = 4; lastKnownFileType = sourcecode.swift; path = AppError.swift; sourceTree = "<group>"; };
		9EED1BB9298D1D2900AC754E /* DataSourceError.swift */ = {isa = PBXFileReference; fileEncoding = 4; lastKnownFileType = sourcecode.swift; path = DataSourceError.swift; sourceTree = "<group>"; };
		9EED1BBA298D1D2900AC754E /* ValidationError.swift */ = {isa = PBXFileReference; fileEncoding = 4; lastKnownFileType = sourcecode.swift; path = ValidationError.swift; sourceTree = "<group>"; };
		9EED1BBB298D1D2900AC754E /* NetworkError.swift */ = {isa = PBXFileReference; fileEncoding = 4; lastKnownFileType = sourcecode.swift; path = NetworkError.swift; sourceTree = "<group>"; };
		9EED1BC3298D281200AC754E /* CategoryManager.swift */ = {isa = PBXFileReference; lastKnownFileType = sourcecode.swift; path = CategoryManager.swift; sourceTree = "<group>"; };
		9EED1BC6298D2BD100AC754E /* HomeViewModel.swift */ = {isa = PBXFileReference; lastKnownFileType = sourcecode.swift; path = HomeViewModel.swift; sourceTree = "<group>"; };
/* End PBXFileReference section */

/* Begin PBXFrameworksBuildPhase section */
		9E271324296FFFAF00067263 /* Frameworks */ = {
			isa = PBXFrameworksBuildPhase;
			buildActionMask = 2147483647;
			files = (
			);
			runOnlyForDeploymentPostprocessing = 0;
		};
		9E9B3D8C29A5C56D00DFD45C /* Frameworks */ = {
			isa = PBXFrameworksBuildPhase;
			buildActionMask = 2147483647;
			files = (
			);
			runOnlyForDeploymentPostprocessing = 0;
		};
/* End PBXFrameworksBuildPhase section */

/* Begin PBXGroup section */
		9E09279529966A040006CA38 /* ThirdParty */ = {
			isa = PBXGroup;
			children = (
				9E09279629966A120006CA38 /* TTGSnackBar.swift */,
			);
			path = ThirdParty;
			sourceTree = "<group>";
		};
		9E09279829966A7E0006CA38 /* AppAlert */ = {
			isa = PBXGroup;
			children = (
				9E09279929966A7E0006CA38 /* Alert.swift */,
			);
			path = AppAlert;
			sourceTree = "<group>";
		};
		9E27131E296FFFAF00067263 = {
			isa = PBXGroup;
			children = (
				9E271329296FFFAF00067263 /* CodeRevisor */,
				9E9B3D9029A5C56D00DFD45C /* CodeRevisorTests */,
				9E271328296FFFAF00067263 /* Products */,
			);
			sourceTree = "<group>";
		};
		9E271328296FFFAF00067263 /* Products */ = {
			isa = PBXGroup;
			children = (
				9E271327296FFFAF00067263 /* CodeRevisor.app */,
				9E9B3D8F29A5C56D00DFD45C /* CodeRevisorTests.xctest */,
			);
			name = Products;
			sourceTree = "<group>";
		};
		9E271329296FFFAF00067263 /* CodeRevisor */ = {
			isa = PBXGroup;
			children = (
				9E09279529966A040006CA38 /* ThirdParty */,
				9EC0A81C29700D10000DE4DC /* Base */,
				9EC0A81B29700CDD000DE4DC /* Coredata */,
				9EC0A81A29700CC1000DE4DC /* Resources */,
				9EC0A820297020C0000DE4DC /* AppUtility */,
				9EC0A81929700CB8000DE4DC /* Model */,
				9EC0A81829700C9F000DE4DC /* View */,
				9E271338296FFFB100067263 /* LaunchScreen.storyboard */,
			);
			path = CodeRevisor;
			sourceTree = "<group>";
		};
		9E9B3D9029A5C56D00DFD45C /* CodeRevisorTests */ = {
			isa = PBXGroup;
			children = (
				9E9B3D9129A5C56D00DFD45C /* CodeRevisorTests.swift */,
			);
			path = CodeRevisorTests;
			sourceTree = "<group>";
		};
		9EC0A81829700C9F000DE4DC /* View */ = {
			isa = PBXGroup;
			children = (
				9EED1BC5298D2BB300AC754E /* Questions */,
				9EED1B792986BD0600AC754E /* Popups */,
				9ED3F386297A58030043968D /* Cell */,
				9EC0A83A297932E5000DE4DC /* Setting */,
				9EC0A81D29700D34000DE4DC /* Home */,
			);
			path = View;
			sourceTree = "<group>";
		};
		9EC0A81929700CB8000DE4DC /* Model */ = {
			isa = PBXGroup;
			children = (
				9EED1BB4298D1C6600AC754E /* Bindable.swift */,
			);
			path = Model;
			sourceTree = "<group>";
		};
		9EC0A81A29700CC1000DE4DC /* Resources */ = {
			isa = PBXGroup;
			children = (
				9E271336296FFFB100067263 /* Assets.xcassets */,
			);
			path = Resources;
			sourceTree = "<group>";
		};
		9EC0A81B29700CDD000DE4DC /* Coredata */ = {
			isa = PBXGroup;
			children = (
				9EED1B8F2987EAF600AC754E /* Support */,
				9E271333296FFFAF00067263 /* CodeRevisor.xcdatamodeld */,
				9EED1B7E2987BEDC00AC754E /* PersistantStorage.swift */,
			);
			path = Coredata;
			sourceTree = "<group>";
		};
		9EC0A81C29700D10000DE4DC /* Base */ = {
			isa = PBXGroup;
			children = (
				9E27133B296FFFB100067263 /* Info.plist */,
				9E27132A296FFFAF00067263 /* AppDelegate.swift */,
				9E27132C296FFFAF00067263 /* SceneDelegate.swift */,
			);
			path = Base;
			sourceTree = "<group>";
		};
		9EC0A81D29700D34000DE4DC /* Home */ = {
			isa = PBXGroup;
			children = (
				9EC0A81E29701554000DE4DC /* HomeVC.swift */,
				9EED1BC6298D2BD100AC754E /* HomeViewModel.swift */,
			);
			path = Home;
			sourceTree = "<group>";
		};
		9EC0A820297020C0000DE4DC /* AppUtility */ = {
			isa = PBXGroup;
			children = (
				9EC0A823297028CA000DE4DC /* LayoutAnchor.swift */,
				9EED1BB6298D1D2900AC754E /* AppErrors */,
				9EED1B762986B4B700AC754E /* Constants */,
				9EC0A82529715665000DE4DC /* FormatStyle */,
				9EC0A822297028A4000DE4DC /* Subclass */,
				9EC0A82129702899000DE4DC /* Extensions */,
				9E09279829966A7E0006CA38 /* AppAlert */,
			);
			path = AppUtility;
			sourceTree = "<group>";
		};
		9EC0A82129702899000DE4DC /* Extensions */ = {
			isa = PBXGroup;
			children = (
				9EC0A83029715791000DE4DC /* UIKitExtension */,
				9EC0A83329766651000DE4DC /* Others */,
			);
			path = Extensions;
			sourceTree = "<group>";
		};
		9EC0A822297028A4000DE4DC /* Subclass */ = {
			isa = PBXGroup;
			children = (
				9EED1BA52988FA8D00AC754E /* UITextField+Class.swift */,
				9EED1BA1298824F300AC754E /* UIButton+Class.swift */,
				9EED1B9F2988221A00AC754E /* UILabel+Class.swift */,
			);
			path = Subclass;
			sourceTree = "<group>";
		};
		9EC0A82529715665000DE4DC /* FormatStyle */ = {
			isa = PBXGroup;
			children = (
				9EC0A8292971567D000DE4DC /* FormatStyle.swift */,
				9EC0A8282971567D000DE4DC /* Nsobject+FormatStyle.swift */,
				9EC0A8262971567D000DE4DC /* ThemeStyle.swift */,
				9EC0A8272971567D000DE4DC /* UILabel+FormatStyle.swift */,
				9EC0A82A2971567D000DE4DC /* UIView+FormatStyle.swift */,
			);
			path = FormatStyle;
			sourceTree = "<group>";
		};
		9EC0A83029715791000DE4DC /* UIKitExtension */ = {
			isa = PBXGroup;
			children = (
				9EC0A83829792185000DE4DC /* UINavigationController+Extension.swift */,
				9EED1BA72988FFA700AC754E /* UITextField+Extension.swift */,
				9EC0A83629782AE2000DE4DC /* UIApplication+Extension.swift */,
				9EC0A831297157B2000DE4DC /* UIFont+Extension.swift */,
				9EC0A83D29796FED000DE4DC /* UIColor+Extension.swift */,
				9EED1B7C2986C63500AC754E /* UIView+Extension.swift */,
				9EED1BA32988F71B00AC754E /* UIButton+Extension.swift */,
			);
			path = UIKitExtension;
			sourceTree = "<group>";
		};
		9EC0A83329766651000DE4DC /* Others */ = {
			isa = PBXGroup;
			children = (
				9EED1BA9298A896300AC754E /* String+Extension.swift */,
				9EC0A83429766663000DE4DC /* ScreenSize.swift */,
			);
			path = Others;
			sourceTree = "<group>";
		};
		9EC0A83A297932E5000DE4DC /* Setting */ = {
			isa = PBXGroup;
			children = (
				9EC0A83B2979330B000DE4DC /* SettingVC.swift */,
			);
			path = Setting;
			sourceTree = "<group>";
		};
		9ED3F386297A58030043968D /* Cell */ = {
			isa = PBXGroup;
			children = (
				9ED3F38E297ACE390043968D /* Collection */,
				9ED3F387297A58110043968D /* Table */,
			);
			path = Cell;
			sourceTree = "<group>";
		};
		9ED3F387297A58110043968D /* Table */ = {
			isa = PBXGroup;
			children = (
				9ED3F388297A58DB0043968D /* QuestionsCell.swift */,
			);
			path = Table;
			sourceTree = "<group>";
		};
		9ED3F38E297ACE390043968D /* Collection */ = {
			isa = PBXGroup;
			children = (
				9ED3F38F297ACE640043968D /* CategoryCell.swift */,
				9EE648C0298668F500707B41 /* CategoryHeaderCell.swift */,
			);
			path = Collection;
			sourceTree = "<group>";
		};
		9EED1B762986B4B700AC754E /* Constants */ = {
			isa = PBXGroup;
			children = (
				9EED1B772986B4CD00AC754E /* Constants.swift */,
			);
			path = Constants;
			sourceTree = "<group>";
		};
		9EED1B792986BD0600AC754E /* Popups */ = {
			isa = PBXGroup;
			children = (
				9EED1BB1298D1BEB00AC754E /* CategoryPopup */,
				9EED1B7A2986BD3800AC754E /* GeneralPopupVC.swift */,
			);
			path = Popups;
			sourceTree = "<group>";
		};
		9EED1B8F2987EAF600AC754E /* Support */ = {
			isa = PBXGroup;
			children = (
				9EED1B902987EB0000AC754E /* Category */,
			);
			path = Support;
			sourceTree = "<group>";
		};
		9EED1B902987EB0000AC754E /* Category */ = {
			isa = PBXGroup;
			children = (
				9EED1BAD298D160700AC754E /* CDCategory+CoreDataClass.swift */,
				9EED1BAE298D160700AC754E /* CDCategory+CoreDataProperties.swift */,
				9EED1BAB298A919900AC754E /* CategoryRepository.swift */,
				9EED1BC3298D281200AC754E /* CategoryManager.swift */,
			);
			path = Category;
			sourceTree = "<group>";
		};
		9EED1BB1298D1BEB00AC754E /* CategoryPopup */ = {
			isa = PBXGroup;
			children = (
				9EED1B9D2987F89500AC754E /* NewCategoryPopupVC.swift */,
				9EED1BB2298D1C0D00AC754E /* NewCategoryViewModel.swift */,
			);
			path = CategoryPopup;
			sourceTree = "<group>";
		};
		9EED1BB6298D1D2900AC754E /* AppErrors */ = {
			isa = PBXGroup;
			children = (
				9EED1BB7298D1D2900AC754E /* FileError.swift */,
				9EED1BB8298D1D2900AC754E /* AppError.swift */,
				9EED1BB9298D1D2900AC754E /* DataSourceError.swift */,
				9EED1BBA298D1D2900AC754E /* ValidationError.swift */,
				9EED1BBB298D1D2900AC754E /* NetworkError.swift */,
			);
			path = AppErrors;
			sourceTree = "<group>";
		};
		9EED1BC5298D2BB300AC754E /* Questions */ = {
			isa = PBXGroup;
			children = (
				9ED3F38C297A65480043968D /* QuestionVC.swift */,
			);
			path = Questions;
			sourceTree = "<group>";
		};
/* End PBXGroup section */

/* Begin PBXNativeTarget section */
		9E271326296FFFAF00067263 /* CodeRevisor */ = {
			isa = PBXNativeTarget;
			buildConfigurationList = 9E271354296FFFB100067263 /* Build configuration list for PBXNativeTarget "CodeRevisor" */;
			buildPhases = (
				9E271323296FFFAF00067263 /* Sources */,
				9E271324296FFFAF00067263 /* Frameworks */,
				9E271325296FFFAF00067263 /* Resources */,
			);
			buildRules = (
			);
			dependencies = (
			);
			name = CodeRevisor;
			productName = CodeRevisor;
			productReference = 9E271327296FFFAF00067263 /* CodeRevisor.app */;
			productType = "com.apple.product-type.application";
		};
		9E9B3D8E29A5C56D00DFD45C /* CodeRevisorTests */ = {
			isa = PBXNativeTarget;
			buildConfigurationList = 9E9B3D9529A5C56D00DFD45C /* Build configuration list for PBXNativeTarget "CodeRevisorTests" */;
			buildPhases = (
				9E9B3D8B29A5C56D00DFD45C /* Sources */,
				9E9B3D8C29A5C56D00DFD45C /* Frameworks */,
				9E9B3D8D29A5C56D00DFD45C /* Resources */,
			);
			buildRules = (
			);
			dependencies = (
				9E9B3D9429A5C56D00DFD45C /* PBXTargetDependency */,
			);
			name = CodeRevisorTests;
			productName = CodeRevisorTests;
			productReference = 9E9B3D8F29A5C56D00DFD45C /* CodeRevisorTests.xctest */;
			productType = "com.apple.product-type.bundle.unit-test";
		};
/* End PBXNativeTarget section */

/* Begin PBXProject section */
		9E27131F296FFFAF00067263 /* Project object */ = {
			isa = PBXProject;
			attributes = {
				BuildIndependentTargetsInParallel = 1;
				LastSwiftUpdateCheck = 1420;
				LastUpgradeCheck = 1420;
				TargetAttributes = {
					9E271326296FFFAF00067263 = {
						CreatedOnToolsVersion = 14.2;
					};
					9E9B3D8E29A5C56D00DFD45C = {
						CreatedOnToolsVersion = 14.2;
						TestTargetID = 9E271326296FFFAF00067263;
					};
				};
			};
			buildConfigurationList = 9E271322296FFFAF00067263 /* Build configuration list for PBXProject "CodeRevisor" */;
			compatibilityVersion = "Xcode 14.0";
			developmentRegion = en;
			hasScannedForEncodings = 0;
			knownRegions = (
				en,
				Base,
			);
			mainGroup = 9E27131E296FFFAF00067263;
			productRefGroup = 9E271328296FFFAF00067263 /* Products */;
			projectDirPath = "";
			projectRoot = "";
			targets = (
				9E271326296FFFAF00067263 /* CodeRevisor */,
				9E9B3D8E29A5C56D00DFD45C /* CodeRevisorTests */,
			);
		};
/* End PBXProject section */

/* Begin PBXResourcesBuildPhase section */
		9E271325296FFFAF00067263 /* Resources */ = {
			isa = PBXResourcesBuildPhase;
			buildActionMask = 2147483647;
			files = (
				9E27133A296FFFB100067263 /* LaunchScreen.storyboard in Resources */,
				9E271337296FFFB100067263 /* Assets.xcassets in Resources */,
			);
			runOnlyForDeploymentPostprocessing = 0;
		};
		9E9B3D8D29A5C56D00DFD45C /* Resources */ = {
			isa = PBXResourcesBuildPhase;
			buildActionMask = 2147483647;
			files = (
			);
			runOnlyForDeploymentPostprocessing = 0;
		};
/* End PBXResourcesBuildPhase section */

/* Begin PBXSourcesBuildPhase section */
		9E271323296FFFAF00067263 /* Sources */ = {
			isa = PBXSourcesBuildPhase;
			buildActionMask = 2147483647;
			files = (
				9EC0A81F29701554000DE4DC /* HomeVC.swift in Sources */,
				9EED1BAA298A896300AC754E /* String+Extension.swift in Sources */,
				9EED1BBE298D1D2900AC754E /* AppError.swift in Sources */,
				9EED1BC7298D2BD100AC754E /* HomeViewModel.swift in Sources */,
				9ED3F390297ACE640043968D /* CategoryCell.swift in Sources */,
				9EED1BBF298D1D2900AC754E /* DataSourceError.swift in Sources */,
				9EED1BBD298D1D2900AC754E /* FileError.swift in Sources */,
				9EE648C1298668F500707B41 /* CategoryHeaderCell.swift in Sources */,
				9E9B3D6B29A478A100DFD45C /* TTGSnackBar.swift in Sources */,
				9EC0A82F2971567D000DE4DC /* UIView+FormatStyle.swift in Sources */,
				9EED1BA82988FFA700AC754E /* UITextField+Extension.swift in Sources */,
				9EED1B7F2987BEDC00AC754E /* PersistantStorage.swift in Sources */,
				9EC0A82B2971567D000DE4DC /* ThemeStyle.swift in Sources */,
				9EC0A82E2971567D000DE4DC /* FormatStyle.swift in Sources */,
				9EED1BAF298D160700AC754E /* CDCategory+CoreDataClass.swift in Sources */,
				9EC0A82D2971567D000DE4DC /* Nsobject+FormatStyle.swift in Sources */,
				9E271335296FFFAF00067263 /* CodeRevisor.xcdatamodeld in Sources */,
				9EED1B7B2986BD3800AC754E /* GeneralPopupVC.swift in Sources */,
				9EC0A83529766663000DE4DC /* ScreenSize.swift in Sources */,
				9E09279A29966A7E0006CA38 /* Alert.swift in Sources */,
				9EED1BC1298D1D2900AC754E /* NetworkError.swift in Sources */,
				9EED1BB3298D1C0D00AC754E /* NewCategoryViewModel.swift in Sources */,
				9EED1B7D2986C63500AC754E /* UIView+Extension.swift in Sources */,
				9EED1BA2298824F300AC754E /* UIButton+Class.swift in Sources */,
				9EED1BA62988FA8D00AC754E /* UITextField+Class.swift in Sources */,
				9EED1BC0298D1D2900AC754E /* ValidationError.swift in Sources */,
				9EC0A83E29796FED000DE4DC /* UIColor+Extension.swift in Sources */,
				9EC0A83C2979330B000DE4DC /* SettingVC.swift in Sources */,
				9EED1B782986B4CD00AC754E /* Constants.swift in Sources */,
				9E27132B296FFFAF00067263 /* AppDelegate.swift in Sources */,
				9EED1BA02988221A00AC754E /* UILabel+Class.swift in Sources */,
				9EC0A824297028CA000DE4DC /* LayoutAnchor.swift in Sources */,
				9EED1BC4298D281200AC754E /* CategoryManager.swift in Sources */,
				9EC0A82C2971567D000DE4DC /* UILabel+FormatStyle.swift in Sources */,
				9E27132D296FFFAF00067263 /* SceneDelegate.swift in Sources */,
				9EED1BB5298D1C6600AC754E /* Bindable.swift in Sources */,
				9EC0A83929792185000DE4DC /* UINavigationController+Extension.swift in Sources */,
				9EED1BA42988F71B00AC754E /* UIButton+Extension.swift in Sources */,
				9EED1BAC298A919900AC754E /* CategoryRepository.swift in Sources */,
				9EED1BB0298D160700AC754E /* CDCategory+CoreDataProperties.swift in Sources */,
				9EC0A832297157B2000DE4DC /* UIFont+Extension.swift in Sources */,
				9ED3F389297A58DB0043968D /* QuestionsCell.swift in Sources */,
				9EED1B9E2987F89500AC754E /* NewCategoryPopupVC.swift in Sources */,
				9ED3F38D297A65480043968D /* QuestionVC.swift in Sources */,
				9EC0A83729782AE2000DE4DC /* UIApplication+Extension.swift in Sources */,
			);
			runOnlyForDeploymentPostprocessing = 0;
		};
		9E9B3D8B29A5C56D00DFD45C /* Sources */ = {
			isa = PBXSourcesBuildPhase;
			buildActionMask = 2147483647;
			files = (
				9E9B3D9229A5C56D00DFD45C /* CodeRevisorTests.swift in Sources */,
			);
			runOnlyForDeploymentPostprocessing = 0;
		};
/* End PBXSourcesBuildPhase section */

/* Begin PBXTargetDependency section */
		9E9B3D9429A5C56D00DFD45C /* PBXTargetDependency */ = {
			isa = PBXTargetDependency;
			target = 9E271326296FFFAF00067263 /* CodeRevisor */;
			targetProxy = 9E9B3D9329A5C56D00DFD45C /* PBXContainerItemProxy */;
		};
/* End PBXTargetDependency section */

/* Begin PBXVariantGroup section */
		9E271338296FFFB100067263 /* LaunchScreen.storyboard */ = {
			isa = PBXVariantGroup;
			children = (
				9E271339296FFFB100067263 /* Base */,
			);
			name = LaunchScreen.storyboard;
			sourceTree = "<group>";
		};
/* End PBXVariantGroup section */

/* Begin XCBuildConfiguration section */
		9E271352296FFFB100067263 /* Debug */ = {
			isa = XCBuildConfiguration;
			buildSettings = {
				ALWAYS_SEARCH_USER_PATHS = NO;
				CLANG_ANALYZER_NONNULL = YES;
				CLANG_ANALYZER_NUMBER_OBJECT_CONVERSION = YES_AGGRESSIVE;
				CLANG_CXX_LANGUAGE_STANDARD = "gnu++20";
				CLANG_ENABLE_MODULES = YES;
				CLANG_ENABLE_OBJC_ARC = YES;
				CLANG_ENABLE_OBJC_WEAK = YES;
				CLANG_WARN_BLOCK_CAPTURE_AUTORELEASING = YES;
				CLANG_WARN_BOOL_CONVERSION = YES;
				CLANG_WARN_COMMA = YES;
				CLANG_WARN_CONSTANT_CONVERSION = YES;
				CLANG_WARN_DEPRECATED_OBJC_IMPLEMENTATIONS = YES;
				CLANG_WARN_DIRECT_OBJC_ISA_USAGE = YES_ERROR;
				CLANG_WARN_DOCUMENTATION_COMMENTS = YES;
				CLANG_WARN_EMPTY_BODY = YES;
				CLANG_WARN_ENUM_CONVERSION = YES;
				CLANG_WARN_INFINITE_RECURSION = YES;
				CLANG_WARN_INT_CONVERSION = YES;
				CLANG_WARN_NON_LITERAL_NULL_CONVERSION = YES;
				CLANG_WARN_OBJC_IMPLICIT_RETAIN_SELF = YES;
				CLANG_WARN_OBJC_LITERAL_CONVERSION = YES;
				CLANG_WARN_OBJC_ROOT_CLASS = YES_ERROR;
				CLANG_WARN_QUOTED_INCLUDE_IN_FRAMEWORK_HEADER = YES;
				CLANG_WARN_RANGE_LOOP_ANALYSIS = YES;
				CLANG_WARN_STRICT_PROTOTYPES = YES;
				CLANG_WARN_SUSPICIOUS_MOVE = YES;
				CLANG_WARN_UNGUARDED_AVAILABILITY = YES_AGGRESSIVE;
				CLANG_WARN_UNREACHABLE_CODE = YES;
				CLANG_WARN__DUPLICATE_METHOD_MATCH = YES;
				COPY_PHASE_STRIP = NO;
				DEBUG_INFORMATION_FORMAT = dwarf;
				ENABLE_STRICT_OBJC_MSGSEND = YES;
				ENABLE_TESTABILITY = YES;
				GCC_C_LANGUAGE_STANDARD = gnu11;
				GCC_DYNAMIC_NO_PIC = NO;
				GCC_NO_COMMON_BLOCKS = YES;
				GCC_OPTIMIZATION_LEVEL = 0;
				GCC_PREPROCESSOR_DEFINITIONS = (
					"DEBUG=1",
					"$(inherited)",
				);
				GCC_WARN_64_TO_32_BIT_CONVERSION = YES;
				GCC_WARN_ABOUT_RETURN_TYPE = YES_ERROR;
				GCC_WARN_UNDECLARED_SELECTOR = YES;
				GCC_WARN_UNINITIALIZED_AUTOS = YES_AGGRESSIVE;
				GCC_WARN_UNUSED_FUNCTION = YES;
				GCC_WARN_UNUSED_VARIABLE = YES;
				IPHONEOS_DEPLOYMENT_TARGET = 16.2;
				MTL_ENABLE_DEBUG_INFO = INCLUDE_SOURCE;
				MTL_FAST_MATH = YES;
				ONLY_ACTIVE_ARCH = YES;
				SDKROOT = iphoneos;
				SWIFT_ACTIVE_COMPILATION_CONDITIONS = DEBUG;
				SWIFT_OPTIMIZATION_LEVEL = "-Onone";
			};
			name = Debug;
		};
		9E271353296FFFB100067263 /* Release */ = {
			isa = XCBuildConfiguration;
			buildSettings = {
				ALWAYS_SEARCH_USER_PATHS = NO;
				CLANG_ANALYZER_NONNULL = YES;
				CLANG_ANALYZER_NUMBER_OBJECT_CONVERSION = YES_AGGRESSIVE;
				CLANG_CXX_LANGUAGE_STANDARD = "gnu++20";
				CLANG_ENABLE_MODULES = YES;
				CLANG_ENABLE_OBJC_ARC = YES;
				CLANG_ENABLE_OBJC_WEAK = YES;
				CLANG_WARN_BLOCK_CAPTURE_AUTORELEASING = YES;
				CLANG_WARN_BOOL_CONVERSION = YES;
				CLANG_WARN_COMMA = YES;
				CLANG_WARN_CONSTANT_CONVERSION = YES;
				CLANG_WARN_DEPRECATED_OBJC_IMPLEMENTATIONS = YES;
				CLANG_WARN_DIRECT_OBJC_ISA_USAGE = YES_ERROR;
				CLANG_WARN_DOCUMENTATION_COMMENTS = YES;
				CLANG_WARN_EMPTY_BODY = YES;
				CLANG_WARN_ENUM_CONVERSION = YES;
				CLANG_WARN_INFINITE_RECURSION = YES;
				CLANG_WARN_INT_CONVERSION = YES;
				CLANG_WARN_NON_LITERAL_NULL_CONVERSION = YES;
				CLANG_WARN_OBJC_IMPLICIT_RETAIN_SELF = YES;
				CLANG_WARN_OBJC_LITERAL_CONVERSION = YES;
				CLANG_WARN_OBJC_ROOT_CLASS = YES_ERROR;
				CLANG_WARN_QUOTED_INCLUDE_IN_FRAMEWORK_HEADER = YES;
				CLANG_WARN_RANGE_LOOP_ANALYSIS = YES;
				CLANG_WARN_STRICT_PROTOTYPES = YES;
				CLANG_WARN_SUSPICIOUS_MOVE = YES;
				CLANG_WARN_UNGUARDED_AVAILABILITY = YES_AGGRESSIVE;
				CLANG_WARN_UNREACHABLE_CODE = YES;
				CLANG_WARN__DUPLICATE_METHOD_MATCH = YES;
				COPY_PHASE_STRIP = NO;
				DEBUG_INFORMATION_FORMAT = "dwarf-with-dsym";
				ENABLE_NS_ASSERTIONS = NO;
				ENABLE_STRICT_OBJC_MSGSEND = YES;
				GCC_C_LANGUAGE_STANDARD = gnu11;
				GCC_NO_COMMON_BLOCKS = YES;
				GCC_WARN_64_TO_32_BIT_CONVERSION = YES;
				GCC_WARN_ABOUT_RETURN_TYPE = YES_ERROR;
				GCC_WARN_UNDECLARED_SELECTOR = YES;
				GCC_WARN_UNINITIALIZED_AUTOS = YES_AGGRESSIVE;
				GCC_WARN_UNUSED_FUNCTION = YES;
				GCC_WARN_UNUSED_VARIABLE = YES;
				IPHONEOS_DEPLOYMENT_TARGET = 16.2;
				MTL_ENABLE_DEBUG_INFO = NO;
				MTL_FAST_MATH = YES;
				SDKROOT = iphoneos;
				SWIFT_COMPILATION_MODE = wholemodule;
				SWIFT_OPTIMIZATION_LEVEL = "-O";
				VALIDATE_PRODUCT = YES;
			};
			name = Release;
		};
		9E271355296FFFB100067263 /* Debug */ = {
			isa = XCBuildConfiguration;
			buildSettings = {
				ASSETCATALOG_COMPILER_APPICON_NAME = AppIcon;
				ASSETCATALOG_COMPILER_GLOBAL_ACCENT_COLOR_NAME = AccentColor;
				CODE_SIGN_STYLE = Automatic;
				CURRENT_PROJECT_VERSION = 1;
				DEVELOPMENT_TEAM = 4CA4R3G988;
				GENERATE_INFOPLIST_FILE = YES;
				INFOPLIST_FILE = CodeRevisor/Base/Info.plist;
				INFOPLIST_KEY_CFBundleDisplayName = "Code Revisor";
				INFOPLIST_KEY_UIApplicationSupportsIndirectInputEvents = YES;
				INFOPLIST_KEY_UILaunchStoryboardName = LaunchScreen.storyboard;
				INFOPLIST_KEY_UIMainStoryboardFile = "";
				INFOPLIST_KEY_UISupportedInterfaceOrientations = UIInterfaceOrientationPortrait;
				IPHONEOS_DEPLOYMENT_TARGET = 13.0;
				LD_RUNPATH_SEARCH_PATHS = (
					"$(inherited)",
					"@executable_path/Frameworks",
				);
				MARKETING_VERSION = 1.0;
				PRODUCT_BUNDLE_IDENTIFIER = com.sanket.CodeRevisor;
				PRODUCT_NAME = "$(TARGET_NAME)";
				SWIFT_EMIT_LOC_STRINGS = YES;
				SWIFT_VERSION = 5.0;
				TARGETED_DEVICE_FAMILY = "1,2";
			};
			name = Debug;
		};
		9E271356296FFFB100067263 /* Release */ = {
			isa = XCBuildConfiguration;
			buildSettings = {
				ASSETCATALOG_COMPILER_APPICON_NAME = AppIcon;
				ASSETCATALOG_COMPILER_GLOBAL_ACCENT_COLOR_NAME = AccentColor;
				CODE_SIGN_STYLE = Automatic;
				CURRENT_PROJECT_VERSION = 1;
				DEVELOPMENT_TEAM = 4CA4R3G988;
				GENERATE_INFOPLIST_FILE = YES;
				INFOPLIST_FILE = CodeRevisor/Base/Info.plist;
				INFOPLIST_KEY_CFBundleDisplayName = "Code Revisor";
				INFOPLIST_KEY_UIApplicationSupportsIndirectInputEvents = YES;
				INFOPLIST_KEY_UILaunchStoryboardName = LaunchScreen.storyboard;
				INFOPLIST_KEY_UIMainStoryboardFile = "";
				INFOPLIST_KEY_UISupportedInterfaceOrientations = UIInterfaceOrientationPortrait;
				IPHONEOS_DEPLOYMENT_TARGET = 13.0;
				LD_RUNPATH_SEARCH_PATHS = (
					"$(inherited)",
					"@executable_path/Frameworks",
				);
				MARKETING_VERSION = 1.0;
				PRODUCT_BUNDLE_IDENTIFIER = com.sanket.CodeRevisor;
				PRODUCT_NAME = "$(TARGET_NAME)";
				SWIFT_EMIT_LOC_STRINGS = YES;
				SWIFT_VERSION = 5.0;
				TARGETED_DEVICE_FAMILY = "1,2";
			};
			name = Release;
		};
		9E9B3D9629A5C56D00DFD45C /* Debug */ = {
			isa = XCBuildConfiguration;
			buildSettings = {
				BUNDLE_LOADER = "$(TEST_HOST)";
				CODE_SIGN_STYLE = Automatic;
				CURRENT_PROJECT_VERSION = 1;
				GENERATE_INFOPLIST_FILE = YES;
				MARKETING_VERSION = 1.0;
				PRODUCT_BUNDLE_IDENTIFIER = com.sanket.CodeRevisorTests;
				PRODUCT_NAME = "$(TARGET_NAME)";
				SWIFT_EMIT_LOC_STRINGS = NO;
				SWIFT_VERSION = 5.0;
				TARGETED_DEVICE_FAMILY = "1,2";
				TEST_HOST = "$(BUILT_PRODUCTS_DIR)/CodeRevisor.app/$(BUNDLE_EXECUTABLE_FOLDER_PATH)/CodeRevisor";
			};
			name = Debug;
		};
		9E9B3D9729A5C56D00DFD45C /* Release */ = {
			isa = XCBuildConfiguration;
			buildSettings = {
				BUNDLE_LOADER = "$(TEST_HOST)";
				CODE_SIGN_STYLE = Automatic;
				CURRENT_PROJECT_VERSION = 1;
				GENERATE_INFOPLIST_FILE = YES;
				MARKETING_VERSION = 1.0;
				PRODUCT_BUNDLE_IDENTIFIER = com.sanket.CodeRevisorTests;
				PRODUCT_NAME = "$(TARGET_NAME)";
				SWIFT_EMIT_LOC_STRINGS = NO;
				SWIFT_VERSION = 5.0;
				TARGETED_DEVICE_FAMILY = "1,2";
				TEST_HOST = "$(BUILT_PRODUCTS_DIR)/CodeRevisor.app/$(BUNDLE_EXECUTABLE_FOLDER_PATH)/CodeRevisor";
			};
			name = Release;
		};
/* End XCBuildConfiguration section */

/* Begin XCConfigurationList section */
		9E271322296FFFAF00067263 /* Build configuration list for PBXProject "CodeRevisor" */ = {
			isa = XCConfigurationList;
			buildConfigurations = (
				9E271352296FFFB100067263 /* Debug */,
				9E271353296FFFB100067263 /* Release */,
			);
			defaultConfigurationIsVisible = 0;
			defaultConfigurationName = Release;
		};
		9E271354296FFFB100067263 /* Build configuration list for PBXNativeTarget "CodeRevisor" */ = {
			isa = XCConfigurationList;
			buildConfigurations = (
				9E271355296FFFB100067263 /* Debug */,
				9E271356296FFFB100067263 /* Release */,
			);
			defaultConfigurationIsVisible = 0;
			defaultConfigurationName = Release;
		};
		9E9B3D9529A5C56D00DFD45C /* Build configuration list for PBXNativeTarget "CodeRevisorTests" */ = {
			isa = XCConfigurationList;
			buildConfigurations = (
				9E9B3D9629A5C56D00DFD45C /* Debug */,
				9E9B3D9729A5C56D00DFD45C /* Release */,
			);
			defaultConfigurationIsVisible = 0;
			defaultConfigurationName = Release;
		};
/* End XCConfigurationList section */

/* Begin XCVersionGroup section */
		9E271333296FFFAF00067263 /* CodeRevisor.xcdatamodeld */ = {
			isa = XCVersionGroup;
			children = (
				9E271334296FFFAF00067263 /* CodeRevisor.xcdatamodel */,
			);
			currentVersion = 9E271334296FFFAF00067263 /* CodeRevisor.xcdatamodel */;
			path = CodeRevisor.xcdatamodeld;
			sourceTree = "<group>";
			versionGroupType = wrapper.xcdatamodel;
		};
/* End XCVersionGroup section */
	};
	rootObject = 9E27131F296FFFAF00067263 /* Project object */;
}
